
Microsoft Visual Studio Solution File, Format Version 12.00
# Visual Studio Version 17
VisualStudioVersion = 17.14.36511.14
MinimumVisualStudioVersion = 10.0.40219.1
Project("{2150E333-8FDC-42A3-9474-1A3956D46DE8}") = "Shared", "Shared", "{5FF8505C-EB19-4471-ABAB-A37F2DFF09AF}"
EndProject
Project("{2150E333-8FDC-42A3-9474-1A3956D46DE8}") = "Api", "Api", "{F8F4B386-92F2-4B02-8FBF-3BD05A7F4986}"
EndProject
Project("{2150E333-8FDC-42A3-9474-1A3956D46DE8}") = "Core", "Core", "{B43FC161-AD0F-4CB8-B5BC-5801B32C30F0}"
EndProject
Project("{2150E333-8FDC-42A3-9474-1A3956D46DE8}") = "Infrastructure", "Infrastructure", "{EDDB309D-A8AC-4976-A4A2-C0AB51388E96}"
EndProject
Project("{2150E333-8FDC-42A3-9474-1A3956D46DE8}") = "Contracts", "Contracts", "{FDBEDF7B-ABFD-4867-B890-6AC8B71C9122}"
EndProject
Project("{FAE04EC0-301F-11D3-BF4B-00C04F79EFBC}") = "Api.Domain", "Api\Core\Api.Domain\Api.Domain.csproj", "{D444093F-FFFB-4490-A20D-0F649A0391A0}"
EndProject
Project("{FAE04EC0-301F-11D3-BF4B-00C04F79EFBC}") = "Api.Application", "Api\Core\Api.Application\Api.Application.csproj", "{08B9D223-7855-4C23-8C19-7FE1751CEDBC}"
EndProject
Project("{FAE04EC0-301F-11D3-BF4B-00C04F79EFBC}") = "Api.Infrastructure", "Api\Infrastructure\Api.Infrastructure\Api.Infrastructure.csproj", "{7691C6F4-A1E6-41F2-9476-A3F7A0409268}"
EndProject
Project("{2150E333-8FDC-42A3-9474-1A3956D46DE8}") = "Protos", "Protos", "{1AFEA32B-E640-484A-B016-B1E64BFE5CC8}"
EndProject
Project("{FAE04EC0-301F-11D3-BF4B-00C04F79EFBC}") = "Api.Service", "Api\Api.Service\Api.Service\Api.Service.csproj", "{962ABA7B-AEED-4B6D-AE53-9001F80C904C}"
EndProject
Project("{FAE04EC0-301F-11D3-BF4B-00C04F79EFBC}") = "Client.Contract", "Shared\Contracts\Client.Contract\Client.Contract.csproj", "{C4D40167-557A-4EF6-A715-F5313F78F9EF}"
EndProject
Project("{FAE04EC0-301F-11D3-BF4B-00C04F79EFBC}") = "Server.Contract", "Shared\Contracts\Server.Contract\Server.Contract.csproj", "{8406C5D6-FC53-4626-8768-9734B6AECA53}"
EndProject
Project("{2150E333-8FDC-42A3-9474-1A3956D46DE8}") = "v1", "v1", "{5A07709F-F56A-4AAF-A89C-4F081CC94EAA}"
	ProjectSection(SolutionItems) = preProject
		Shared\Contracts\Protos\v1\employees.proto = Shared\Contracts\Protos\v1\employees.proto
	EndProjectSection
EndProject
Project("{FAE04EC0-301F-11D3-BF4B-00C04F79EFBC}") = "Kernel", "Shared\Kernel\Kernel.csproj", "{8224A60D-847F-4A02-B84A-398C9F153859}"
EndProject
Project("{FAE04EC0-301F-11D3-BF4B-00C04F79EFBC}") = "Shared.Application", "Shared\Shared.Application\Shared.Application.csproj", "{8DCFB45D-D360-4A8A-A17B-4AB333AFDA70}"
EndProject
Project("{FAE04EC0-301F-11D3-BF4B-00C04F79EFBC}") = "Shared.Adapter.Messaging", "Shared\Shared.Adapter.Messaging\Shared.Adapter.Messaging.csproj", "{CE755E1C-D87D-4C5B-B543-150C3A2C598B}"
EndProject
Project("{FAE04EC0-301F-11D3-BF4B-00C04F79EFBC}") = "Shared.Domain", "Shared\Shared.Domain\Shared.Domain.csproj", "{CCA10122-C347-49FA-8407-A5A0F6E19E3C}"
EndProject
Global
	GlobalSection(SolutionConfigurationPlatforms) = preSolution
		Debug|Any CPU = Debug|Any CPU
		Release|Any CPU = Release|Any CPU
	EndGlobalSection
	GlobalSection(ProjectConfigurationPlatforms) = postSolution
		{D444093F-FFFB-4490-A20D-0F649A0391A0}.Debug|Any CPU.ActiveCfg = Debug|Any CPU
		{D444093F-FFFB-4490-A20D-0F649A0391A0}.Debug|Any CPU.Build.0 = Debug|Any CPU
		{D444093F-FFFB-4490-A20D-0F649A0391A0}.Release|Any CPU.ActiveCfg = Release|Any CPU
		{D444093F-FFFB-4490-A20D-0F649A0391A0}.Release|Any CPU.Build.0 = Release|Any CPU
		{08B9D223-7855-4C23-8C19-7FE1751CEDBC}.Debug|Any CPU.ActiveCfg = Debug|Any CPU
		{08B9D223-7855-4C23-8C19-7FE1751CEDBC}.Debug|Any CPU.Build.0 = Debug|Any CPU
		{08B9D223-7855-4C23-8C19-7FE1751CEDBC}.Release|Any CPU.ActiveCfg = Release|Any CPU
		{08B9D223-7855-4C23-8C19-7FE1751CEDBC}.Release|Any CPU.Build.0 = Release|Any CPU
		{7691C6F4-A1E6-41F2-9476-A3F7A0409268}.Debug|Any CPU.ActiveCfg = Debug|Any CPU
		{7691C6F4-A1E6-41F2-9476-A3F7A0409268}.Debug|Any CPU.Build.0 = Debug|Any CPU
		{7691C6F4-A1E6-41F2-9476-A3F7A0409268}.Release|Any CPU.ActiveCfg = Release|Any CPU
		{7691C6F4-A1E6-41F2-9476-A3F7A0409268}.Release|Any CPU.Build.0 = Release|Any CPU
		{962ABA7B-AEED-4B6D-AE53-9001F80C904C}.Debug|Any CPU.ActiveCfg = Debug|Any CPU
		{962ABA7B-AEED-4B6D-AE53-9001F80C904C}.Debug|Any CPU.Build.0 = Debug|Any CPU
		{962ABA7B-AEED-4B6D-AE53-9001F80C904C}.Release|Any CPU.ActiveCfg = Release|Any CPU
		{962ABA7B-AEED-4B6D-AE53-9001F80C904C}.Release|Any CPU.Build.0 = Release|Any CPU
		{C4D40167-557A-4EF6-A715-F5313F78F9EF}.Debug|Any CPU.ActiveCfg = Debug|Any CPU
		{C4D40167-557A-4EF6-A715-F5313F78F9EF}.Debug|Any CPU.Build.0 = Debug|Any CPU
		{C4D40167-557A-4EF6-A715-F5313F78F9EF}.Release|Any CPU.ActiveCfg = Release|Any CPU
		{C4D40167-557A-4EF6-A715-F5313F78F9EF}.Release|Any CPU.Build.0 = Release|Any CPU
		{8406C5D6-FC53-4626-8768-9734B6AECA53}.Debug|Any CPU.ActiveCfg = Debug|Any CPU
		{8406C5D6-FC53-4626-8768-9734B6AECA53}.Debug|Any CPU.Build.0 = Debug|Any CPU
		{8406C5D6-FC53-4626-8768-9734B6AECA53}.Release|Any CPU.ActiveCfg = Release|Any CPU
		{8406C5D6-FC53-4626-8768-9734B6AECA53}.Release|Any CPU.Build.0 = Release|Any CPU
		{8224A60D-847F-4A02-B84A-398C9F153859}.Debug|Any CPU.ActiveCfg = Debug|Any CPU
		{8224A60D-847F-4A02-B84A-398C9F153859}.Debug|Any CPU.Build.0 = Debug|Any CPU
		{8224A60D-847F-4A02-B84A-398C9F153859}.Release|Any CPU.ActiveCfg = Release|Any CPU
		{8224A60D-847F-4A02-B84A-398C9F153859}.Release|Any CPU.Build.0 = Release|Any CPU
		{8DCFB45D-D360-4A8A-A17B-4AB333AFDA70}.Debug|Any CPU.ActiveCfg = Debug|Any CPU
		{8DCFB45D-D360-4A8A-A17B-4AB333AFDA70}.Debug|Any CPU.Build.0 = Debug|Any CPU
		{8DCFB45D-D360-4A8A-A17B-4AB333AFDA70}.Release|Any CPU.ActiveCfg = Release|Any CPU
		{8DCFB45D-D360-4A8A-A17B-4AB333AFDA70}.Release|Any CPU.Build.0 = Release|Any CPU
		{CE755E1C-D87D-4C5B-B543-150C3A2C598B}.Debug|Any CPU.ActiveCfg = Debug|Any CPU
		{CE755E1C-D87D-4C5B-B543-150C3A2C598B}.Debug|Any CPU.Build.0 = Debug|Any CPU
		{CE755E1C-D87D-4C5B-B543-150C3A2C598B}.Release|Any CPU.ActiveCfg = Release|Any CPU
		{CE755E1C-D87D-4C5B-B543-150C3A2C598B}.Release|Any CPU.Build.0 = Release|Any CPU
		{CCA10122-C347-49FA-8407-A5A0F6E19E3C}.Debug|Any CPU.ActiveCfg = Debug|Any CPU
		{CCA10122-C347-49FA-8407-A5A0F6E19E3C}.Debug|Any CPU.Build.0 = Debug|Any CPU
		{CCA10122-C347-49FA-8407-A5A0F6E19E3C}.Release|Any CPU.ActiveCfg = Release|Any CPU
		{CCA10122-C347-49FA-8407-A5A0F6E19E3C}.Release|Any CPU.Build.0 = Release|Any CPU
	EndGlobalSection
	GlobalSection(SolutionProperties) = preSolution
		HideSolutionNode = FALSE
	EndGlobalSection
	GlobalSection(NestedProjects) = preSolution
		{B43FC161-AD0F-4CB8-B5BC-5801B32C30F0} = {F8F4B386-92F2-4B02-8FBF-3BD05A7F4986}
		{EDDB309D-A8AC-4976-A4A2-C0AB51388E96} = {F8F4B386-92F2-4B02-8FBF-3BD05A7F4986}
		{FDBEDF7B-ABFD-4867-B890-6AC8B71C9122} = {5FF8505C-EB19-4471-ABAB-A37F2DFF09AF}
		{D444093F-FFFB-4490-A20D-0F649A0391A0} = {B43FC161-AD0F-4CB8-B5BC-5801B32C30F0}
		{08B9D223-7855-4C23-8C19-7FE1751CEDBC} = {B43FC161-AD0F-4CB8-B5BC-5801B32C30F0}
		{7691C6F4-A1E6-41F2-9476-A3F7A0409268} = {EDDB309D-A8AC-4976-A4A2-C0AB51388E96}
		{1AFEA32B-E640-484A-B016-B1E64BFE5CC8} = {FDBEDF7B-ABFD-4867-B890-6AC8B71C9122}
		{962ABA7B-AEED-4B6D-AE53-9001F80C904C} = {F8F4B386-92F2-4B02-8FBF-3BD05A7F4986}
		{C4D40167-557A-4EF6-A715-F5313F78F9EF} = {FDBEDF7B-ABFD-4867-B890-6AC8B71C9122}
		{8406C5D6-FC53-4626-8768-9734B6AECA53} = {FDBEDF7B-ABFD-4867-B890-6AC8B71C9122}
		{5A07709F-F56A-4AAF-A89C-4F081CC94EAA} = {1AFEA32B-E640-484A-B016-B1E64BFE5CC8}
		{8224A60D-847F-4A02-B84A-398C9F153859} = {5FF8505C-EB19-4471-ABAB-A37F2DFF09AF}
		{8DCFB45D-D360-4A8A-A17B-4AB333AFDA70} = {5FF8505C-EB19-4471-ABAB-A37F2DFF09AF}
		{CE755E1C-D87D-4C5B-B543-150C3A2C598B} = {5FF8505C-EB19-4471-ABAB-A37F2DFF09AF}
		{CCA10122-C347-49FA-8407-A5A0F6E19E3C} = {5FF8505C-EB19-4471-ABAB-A37F2DFF09AF}
	EndGlobalSection
	GlobalSection(ExtensibilityGlobals) = postSolution
		SolutionGuid = {90B4B9CE-800C-469A-A5E6-70C3EC7BC84D}
	EndGlobalSection
EndGlobal
